
Microsoft Visual Studio Solution File, Format Version 12.00
# Visual Studio 2013
VisualStudioVersion = 12.0.40629.0
MinimumVisualStudioVersion = 10.0.40219.1
Project("{8BC9CEB8-8B4A-11D0-8D11-00A0C91BC942}") = "MiniThunder", "MiniThunder\MiniThunder.vcxproj", "{F0D2D285-FEFD-4B1B-8CD0-3B2052253870}"
EndProject
Global
	GlobalSection(SolutionConfigurationPlatforms) = preSolution
		Debug|Win32 = Debug|Win32
		Release|Win32 = Release|Win32
	EndGlobalSection
	GlobalSection(ProjectConfigurationPlatforms) = postSolution
		{F0D2D285-FEFD-4B1B-8CD0-3B2052253870}.Debug|Win32.ActiveCfg = Debug|Win32
		{F0D2D285-FEFD-4B1B-8CD0-3B2052253870}.Debug|Win32.Build.0 = Debug|Win32
		{F0D2D285-FEFD-4B1B-8CD0-3B2052253870}.Release|Win32.ActiveCfg = Release|Win32
		{F0D2D285-FEFD-4B1B-8CD0-3B2052253870}.Release|Win32.Build.0 = Release|Win32
	EndGlobalSection
	GlobalSection(SolutionProperties) = preSolution
		HideSolutionNode = FALSE
	EndGlobalSection
EndGlobal
